// !$*UTF8*$!
{
	archiveVersion = 1;
	classes = {
	};
	objectVersion = 77;
	objects = {

/* Begin PBXContainerItemProxy section */
		C8A3858B2DE0A91700C7DE54 /* PBXContainerItemProxy */ = {
			isa = PBXContainerItemProxy;
			containerPortal = C8A385732DE0A91400C7DE54 /* Project object */;
			proxyType = 1;
			remoteGlobalIDString = C8A3857A2DE0A91400C7DE54;
			remoteInfo = PixelVision;
		};
		C8A385952DE0A91700C7DE54 /* PBXContainerItemProxy */ = {
			isa = PBXContainerItemProxy;
			containerPortal = C8A385732DE0A91400C7DE54 /* Project object */;
			proxyType = 1;
			remoteGlobalIDString = C8A3857A2DE0A91400C7DE54;
			remoteInfo = PixelVision;
		};
/* End PBXContainerItemProxy section */

/* Begin PBXFileReference section */
		C8A3857B2DE0A91400C7DE54 /* PixelVision.app */ = {isa = PBXFileReference; explicitFileType = wrapper.application; includeInIndex = 0; path = PixelVision.app; sourceTree = BUILT_PRODUCTS_DIR; };
		C8A3858A2DE0A91700C7DE54 /* PixelVisionTests.xctest */ = {isa = PBXFileReference; explicitFileType = wrapper.cfbundle; includeInIndex = 0; path = PixelVisionTests.xctest; sourceTree = BUILT_PRODUCTS_DIR; };
		C8A385942DE0A91700C7DE54 /* PixelVisionUITests.xctest */ = {isa = PBXFileReference; explicitFileType = wrapper.cfbundle; includeInIndex = 0; path = PixelVisionUITests.xctest; sourceTree = BUILT_PRODUCTS_DIR; };
/* End PBXFileReference section */

/* Begin PBXFileSystemSynchronizedRootGroup section */
		C8A3857D2DE0A91400C7DE54 /* PixelVision */ = {
			isa = PBXFileSystemSynchronizedRootGroup;
			path = PixelVision;
			sourceTree = "<group>";
		};
		C8A3858D2DE0A91700C7DE54 /* PixelVisionTests */ = {
			isa = PBXFileSystemSynchronizedRootGroup;
			path = PixelVisionTests;
			sourceTree = "<group>";
		};
		C8A385972DE0A91700C7DE54 /* PixelVisionUITests */ = {
			isa = PBXFileSystemSynchronizedRootGroup;
			path = PixelVisionUITests;
			sourceTree = "<group>";
		};
/* End PBXFileSystemSynchronizedRootGroup section */

/* Begin PBXFrameworksBuildPhase section */
		C8A385782DE0A91400C7DE54 /* Frameworks */ = {
			isa = PBXFrameworksBuildPhase;
			buildActionMask = 2147483647;
			files = (
			);
			runOnlyForDeploymentPostprocessing = 0;
		};
		C8A385872DE0A91700C7DE54 /* Frameworks */ = {
			isa = PBXFrameworksBuildPhase;
			buildActionMask = 2147483647;
			files = (
			);
			runOnlyForDeploymentPostprocessing = 0;
		};
		C8A385912DE0A91700C7DE54 /* Frameworks */ = {
			isa = PBXFrameworksBuildPhase;
			buildActionMask = 2147483647;
			files = (
			);
			runOnlyForDeploymentPostprocessing = 0;
		};
/* End PBXFrameworksBuildPhase section */

/* Begin PBXGroup section */
		C8A385722DE0A91400C7DE54 = {
			isa = PBXGroup;
			children = (
				C8A3857D2DE0A91400C7DE54 /* PixelVision */,
				C8A3858D2DE0A91700C7DE54 /* PixelVisionTests */,
				C8A385972DE0A91700C7DE54 /* PixelVisionUITests */,
				C8A3857C2DE0A91400C7DE54 /* Products */,
			);
			sourceTree = "<group>";
		};
		C8A3857C2DE0A91400C7DE54 /* Products */ = {
			isa = PBXGroup;
			children = (
				C8A3857B2DE0A91400C7DE54 /* PixelVision.app */,
				C8A3858A2DE0A91700C7DE54 /* PixelVisionTests.xctest */,
				C8A385942DE0A91700C7DE54 /* PixelVisionUITests.xctest */,
			);
			name = Products;
			sourceTree = "<group>";
		};
/* End PBXGroup section */

/* Begin PBXNativeTarget section */
		C8A3857A2DE0A91400C7DE54 /* PixelVision */ = {
			isa = PBXNativeTarget;
			buildConfigurationList = C8A3859E2DE0A91700C7DE54 /* Build configuration list for PBXNativeTarget "PixelVision" */;
			buildPhases = (
				C8A385772DE0A91400C7DE54 /* Sources */,
				C8A385782DE0A91400C7DE54 /* Frameworks */,
				C8A385792DE0A91400C7DE54 /* Resources */,
			);
			buildRules = (
			);
			dependencies = (
			);
			fileSystemSynchronizedGroups = (
				C8A3857D2DE0A91400C7DE54 /* PixelVision */,
			);
			name = PixelVision;
			packageProductDependencies = (
			);
			productName = PixelVision;
			productReference = C8A3857B2DE0A91400C7DE54 /* PixelVision.app */;
			productType = "com.apple.product-type.application";
		};
		C8A385892DE0A91700C7DE54 /* PixelVisionTests */ = {
			isa = PBXNativeTarget;
			buildConfigurationList = C8A385A12DE0A91700C7DE54 /* Build configuration list for PBXNativeTarget "PixelVisionTests" */;
			buildPhases = (
				C8A385862DE0A91700C7DE54 /* Sources */,
				C8A385872DE0A91700C7DE54 /* Frameworks */,
				C8A385882DE0A91700C7DE54 /* Resources */,
			);
			buildRules = (
			);
			dependencies = (
				C8A3858C2DE0A91700C7DE54 /* PBXTargetDependency */,
			);
			fileSystemSynchronizedGroups = (
				C8A3858D2DE0A91700C7DE54 /* PixelVisionTests */,
			);
			name = PixelVisionTests;
			packageProductDependencies = (
			);
			productName = PixelVisionTests;
			productReference = C8A3858A2DE0A91700C7DE54 /* PixelVisionTests.xctest */;
			productType = "com.apple.product-type.bundle.unit-test";
		};
		C8A385932DE0A91700C7DE54 /* PixelVisionUITests */ = {
			isa = PBXNativeTarget;
			buildConfigurationList = C8A385A42DE0A91700C7DE54 /* Build configuration list for PBXNativeTarget "PixelVisionUITests" */;
			buildPhases = (
				C8A385902DE0A91700C7DE54 /* Sources */,
				C8A385912DE0A91700C7DE54 /* Frameworks */,
				C8A385922DE0A91700C7DE54 /* Resources */,
			);
			buildRules = (
			);
			dependencies = (
				C8A385962DE0A91700C7DE54 /* PBXTargetDependency */,
			);
			fileSystemSynchronizedGroups = (
				C8A385972DE0A91700C7DE54 /* PixelVisionUITests */,
			);
			name = PixelVisionUITests;
			packageProductDependencies = (
			);
			productName = PixelVisionUITests;
			productReference = C8A385942DE0A91700C7DE54 /* PixelVisionUITests.xctest */;
			productType = "com.apple.product-type.bundle.ui-testing";
		};
/* End PBXNativeTarget section */

/* Begin PBXProject section */
		C8A385732DE0A91400C7DE54 /* Project object */ = {
			isa = PBXProject;
			attributes = {
				BuildIndependentTargetsInParallel = 1;
				LastSwiftUpdateCheck = 1630;
				LastUpgradeCheck = 1630;
				TargetAttributes = {
					C8A3857A2DE0A91400C7DE54 = {
						CreatedOnToolsVersion = 16.3;
					};
					C8A385892DE0A91700C7DE54 = {
						CreatedOnToolsVersion = 16.3;
						TestTargetID = C8A3857A2DE0A91400C7DE54;
					};
					C8A385932DE0A91700C7DE54 = {
						CreatedOnToolsVersion = 16.3;
						TestTargetID = C8A3857A2DE0A91400C7DE54;
					};
				};
			};
			buildConfigurationList = C8A385762DE0A91400C7DE54 /* Build configuration list for PBXProject "PixelVision" */;
			developmentRegion = en;
			hasScannedForEncodings = 0;
			knownRegions = (
				en,
				Base,
			);
			mainGroup = C8A385722DE0A91400C7DE54;
			minimizedProjectReferenceProxies = 1;
			preferredProjectObjectVersion = 77;
			productRefGroup = C8A3857C2DE0A91400C7DE54 /* Products */;
			projectDirPath = "";
			projectRoot = "";
			targets = (
				C8A3857A2DE0A91400C7DE54 /* PixelVision */,
				C8A385892DE0A91700C7DE54 /* PixelVisionTests */,
				C8A385932DE0A91700C7DE54 /* PixelVisionUITests */,
			);
		};
/* End PBXProject section */

/* Begin PBXResourcesBuildPhase section */
		C8A385792DE0A91400C7DE54 /* Resources */ = {
			isa = PBXResourcesBuildPhase;
			buildActionMask = 2147483647;
			files = (
			);
			runOnlyForDeploymentPostprocessing = 0;
		};
		C8A385882DE0A91700C7DE54 /* Resources */ = {
			isa = PBXResourcesBuildPhase;
			buildActionMask = 2147483647;
			files = (
			);
			runOnlyForDeploymentPostprocessing = 0;
		};
		C8A385922DE0A91700C7DE54 /* Resources */ = {
			isa = PBXResourcesBuildPhase;
			buildActionMask = 2147483647;
			files = (
			);
			runOnlyForDeploymentPostprocessing = 0;
		};
/* End PBXResourcesBuildPhase section */

/* Begin PBXSourcesBuildPhase section */
		C8A385772DE0A91400C7DE54 /* Sources */ = {
			isa = PBXSourcesBuildPhase;
			buildActionMask = 2147483647;
			files = (
			);
			runOnlyForDeploymentPostprocessing = 0;
		};
		C8A385862DE0A91700C7DE54 /* Sources */ = {
			isa = PBXSourcesBuildPhase;
			buildActionMask = 2147483647;
			files = (
			);
			runOnlyForDeploymentPostprocessing = 0;
		};
		C8A385902DE0A91700C7DE54 /* Sources */ = {
			isa = PBXSourcesBuildPhase;
			buildActionMask = 2147483647;
			files = (
			);
			runOnlyForDeploymentPostprocessing = 0;
		};
/* End PBXSourcesBuildPhase section */

/* Begin PBXTargetDependency section */
		C8A3858C2DE0A91700C7DE54 /* PBXTargetDependency */ = {
			isa = PBXTargetDependency;
			target = C8A3857A2DE0A91400C7DE54 /* PixelVision */;
			targetProxy = C8A3858B2DE0A91700C7DE54 /* PBXContainerItemProxy */;
		};
		C8A385962DE0A91700C7DE54 /* PBXTargetDependency */ = {
			isa = PBXTargetDependency;
			target = C8A3857A2DE0A91400C7DE54 /* PixelVision */;
			targetProxy = C8A385952DE0A91700C7DE54 /* PBXContainerItemProxy */;
		};
/* End PBXTargetDependency section */

/* Begin XCBuildConfiguration section */
		C8A3859C2DE0A91700C7DE54 /* Debug */ = {
			isa = XCBuildConfiguration;
			buildSettings = {
				ALWAYS_SEARCH_USER_PATHS = NO;
				ASSETCATALOG_COMPILER_GENERATE_SWIFT_ASSET_SYMBOL_EXTENSIONS = YES;
				CLANG_ANALYZER_NONNULL = YES;
				CLANG_ANALYZER_NUMBER_OBJECT_CONVERSION = YES_AGGRESSIVE;
				CLANG_CXX_LANGUAGE_STANDARD = "gnu++20";
				CLANG_ENABLE_MODULES = YES;
				CLANG_ENABLE_OBJC_ARC = YES;
				CLANG_ENABLE_OBJC_WEAK = YES;
				CLANG_WARN_BLOCK_CAPTURE_AUTORELEASING = YES;
				CLANG_WARN_BOOL_CONVERSION = YES;
				CLANG_WARN_COMMA = YES;
				CLANG_WARN_CONSTANT_CONVERSION = YES;
				CLANG_WARN_DEPRECATED_OBJC_IMPLEMENTATIONS = YES;
				CLANG_WARN_DIRECT_OBJC_ISA_USAGE = YES_ERROR;
				CLANG_WARN_DOCUMENTATION_COMMENTS = YES;
				CLANG_WARN_EMPTY_BODY = YES;
				CLANG_WARN_ENUM_CONVERSION = YES;
				CLANG_WARN_INFINITE_RECURSION = YES;
				CLANG_WARN_INT_CONVERSION = YES;
				CLANG_WARN_NON_LITERAL_NULL_CONVERSION = YES;
				CLANG_WARN_OBJC_IMPLICIT_RETAIN_SELF = YES;
				CLANG_WARN_OBJC_LITERAL_CONVERSION = YES;
				CLANG_WARN_OBJC_ROOT_CLASS = YES_ERROR;
				CLANG_WARN_QUOTED_INCLUDE_IN_FRAMEWORK_HEADER = YES;
				CLANG_WARN_RANGE_LOOP_ANALYSIS = YES;
				CLANG_WARN_STRICT_PROTOTYPES = YES;
				CLANG_WARN_SUSPICIOUS_MOVE = YES;
				CLANG_WARN_UNGUARDED_AVAILABILITY = YES_AGGRESSIVE;
				CLANG_WARN_UNREACHABLE_CODE = YES;
				CLANG_WARN__DUPLICATE_METHOD_MATCH = YES;
				COPY_PHASE_STRIP = NO;
				DEBUG_INFORMATION_FORMAT = dwarf;
				DEVELOPMENT_TEAM = NRHF328K82;
				ENABLE_STRICT_OBJC_MSGSEND = YES;
				ENABLE_TESTABILITY = YES;
				ENABLE_USER_SCRIPT_SANDBOXING = YES;
				GCC_C_LANGUAGE_STANDARD = gnu17;
				GCC_DYNAMIC_NO_PIC = NO;
				GCC_NO_COMMON_BLOCKS = YES;
				GCC_OPTIMIZATION_LEVEL = 0;
				GCC_PREPROCESSOR_DEFINITIONS = (
					"DEBUG=1",
					"$(inherited)",
				);
				GCC_WARN_64_TO_32_BIT_CONVERSION = YES;
				GCC_WARN_ABOUT_RETURN_TYPE = YES_ERROR;
				GCC_WARN_UNDECLARED_SELECTOR = YES;
				GCC_WARN_UNINITIALIZED_AUTOS = YES_AGGRESSIVE;
				GCC_WARN_UNUSED_FUNCTION = YES;
				GCC_WARN_UNUSED_VARIABLE = YES;
				IPHONEOS_DEPLOYMENT_TARGET = 18.4;
				LOCALIZATION_PREFERS_STRING_CATALOGS = YES;
				MTL_ENABLE_DEBUG_INFO = INCLUDE_SOURCE;
				MTL_FAST_MATH = YES;
				ONLY_ACTIVE_ARCH = YES;
				SDKROOT = iphoneos;
				SWIFT_ACTIVE_COMPILATION_CONDITIONS = "DEBUG $(inherited)";
				SWIFT_OPTIMIZATION_LEVEL = "-Onone";
			};
			name = Debug;
		};
		C8A3859D2DE0A91700C7DE54 /* Release */ = {
			isa = XCBuildConfiguration;
			buildSettings = {
				ALWAYS_SEARCH_USER_PATHS = NO;
				ASSETCATALOG_COMPILER_GENERATE_SWIFT_ASSET_SYMBOL_EXTENSIONS = YES;
				CLANG_ANALYZER_NONNULL = YES;
				CLANG_ANALYZER_NUMBER_OBJECT_CONVERSION = YES_AGGRESSIVE;
				CLANG_CXX_LANGUAGE_STANDARD = "gnu++20";
				CLANG_ENABLE_MODULES = YES;
				CLANG_ENABLE_OBJC_ARC = YES;
				CLANG_ENABLE_OBJC_WEAK = YES;
				CLANG_WARN_BLOCK_CAPTURE_AUTORELEASING = YES;
				CLANG_WARN_BOOL_CONVERSION = YES;
				CLANG_WARN_COMMA = YES;
				CLANG_WARN_CONSTANT_CONVERSION = YES;
				CLANG_WARN_DEPRECATED_OBJC_IMPLEMENTATIONS = YES;
				CLANG_WARN_DIRECT_OBJC_ISA_USAGE = YES_ERROR;
				CLANG_WARN_DOCUMENTATION_COMMENTS = YES;
				CLANG_WARN_EMPTY_BODY = YES;
				CLANG_WARN_ENUM_CONVERSION = YES;
				CLANG_WARN_INFINITE_RECURSION = YES;
				CLANG_WARN_INT_CONVERSION = YES;
				CLANG_WARN_NON_LITERAL_NULL_CONVERSION = YES;
				CLANG_WARN_OBJC_IMPLICIT_RETAIN_SELF = YES;
				CLANG_WARN_OBJC_LITERAL_CONVERSION = YES;
				CLANG_WARN_OBJC_ROOT_CLASS = YES_ERROR;
				CLANG_WARN_QUOTED_INCLUDE_IN_FRAMEWORK_HEADER = YES;
				CLANG_WARN_RANGE_LOOP_ANALYSIS = YES;
				CLANG_WARN_STRICT_PROTOTYPES = YES;
				CLANG_WARN_SUSPICIOUS_MOVE = YES;
				CLANG_WARN_UNGUARDED_AVAILABILITY = YES_AGGRESSIVE;
				CLANG_WARN_UNREACHABLE_CODE = YES;
				CLANG_WARN__DUPLICATE_METHOD_MATCH = YES;
				COPY_PHASE_STRIP = NO;
				DEBUG_INFORMATION_FORMAT = "dwarf-with-dsym";
				DEVELOPMENT_TEAM = NRHF328K82;
				ENABLE_NS_ASSERTIONS = NO;
				ENABLE_STRICT_OBJC_MSGSEND = YES;
				ENABLE_USER_SCRIPT_SANDBOXING = YES;
				GCC_C_LANGUAGE_STANDARD = gnu17;
				GCC_NO_COMMON_BLOCKS = YES;
				GCC_WARN_64_TO_32_BIT_CONVERSION = YES;
				GCC_WARN_ABOUT_RETURN_TYPE = YES_ERROR;
				GCC_WARN_UNDECLARED_SELECTOR = YES;
				GCC_WARN_UNINITIALIZED_AUTOS = YES_AGGRESSIVE;
				GCC_WARN_UNUSED_FUNCTION = YES;
				GCC_WARN_UNUSED_VARIABLE = YES;
				IPHONEOS_DEPLOYMENT_TARGET = 18.4;
				LOCALIZATION_PREFERS_STRING_CATALOGS = YES;
				MTL_ENABLE_DEBUG_INFO = NO;
				MTL_FAST_MATH = YES;
				SDKROOT = iphoneos;
				SWIFT_COMPILATION_MODE = wholemodule;
				VALIDATE_PRODUCT = YES;
			};
			name = Release;
		};
		C8A3859F2DE0A91700C7DE54 /* Debug */ = {
			isa = XCBuildConfiguration;
			buildSettings = {
				ASSETCATALOG_COMPILER_APPICON_NAME = AppIcon;
				ASSETCATALOG_COMPILER_GLOBAL_ACCENT_COLOR_NAME = AccentColor;
				CODE_SIGN_STYLE = Automatic;
				CURRENT_PROJECT_VERSION = 1;
				DEVELOPMENT_TEAM = NRHF328K82;
				ENABLE_PREVIEWS = YES;
				GENERATE_INFOPLIST_FILE = YES;
				INFOPLIST_KEY_UIApplicationSceneManifest_Generation = YES;
				INFOPLIST_KEY_UIApplicationSupportsIndirectInputEvents = YES;
				INFOPLIST_KEY_UILaunchScreen_Generation = YES;
				INFOPLIST_KEY_UISupportedInterfaceOrientations_iPad = "UIInterfaceOrientationPortrait UIInterfaceOrientationPortraitUpsideDown UIInterfaceOrientationLandscapeLeft UIInterfaceOrientationLandscapeRight";
				INFOPLIST_KEY_UISupportedInterfaceOrientations_iPhone = "UIInterfaceOrientationPortrait UIInterfaceOrientationLandscapeLeft UIInterfaceOrientationLandscapeRight";
				LD_RUNPATH_SEARCH_PATHS = (
					"$(inherited)",
					"@executable_path/Frameworks",
				);
				MARKETING_VERSION = 1.0;
				PRODUCT_BUNDLE_IDENTIFIER = VS.PixelVision;
				PRODUCT_NAME = "$(TARGET_NAME)";
				SWIFT_EMIT_LOC_STRINGS = YES;
				SWIFT_VERSION = 5.0;
				TARGETED_DEVICE_FAMILY = "1,2";
			};
			name = Debug;
		};
		C8A385A02DE0A91700C7DE54 /* Release */ = {
			isa = XCBuildConfiguration;
			buildSettings = {
				ASSETCATALOG_COMPILER_APPICON_NAME = AppIcon;
				ASSETCATALOG_COMPILER_GLOBAL_ACCENT_COLOR_NAME = AccentColor;
				CODE_SIGN_STYLE = Automatic;
				CURRENT_PROJECT_VERSION = 1;
				DEVELOPMENT_TEAM = NRHF328K82;
				ENABLE_PREVIEWS = YES;
				GENERATE_INFOPLIST_FILE = YES;
				INFOPLIST_KEY_UIApplicationSceneManifest_Generation = YES;
				INFOPLIST_KEY_UIApplicationSupportsIndirectInputEvents = YES;
				INFOPLIST_KEY_UILaunchScreen_Generation = YES;
				INFOPLIST_KEY_UISupportedInterfaceOrientations_iPad = "UIInterfaceOrientationPortrait UIInterfaceOrientationPortraitUpsideDown UIInterfaceOrientationLandscapeLeft UIInterfaceOrientationLandscapeRight";
				INFOPLIST_KEY_UISupportedInterfaceOrientations_iPhone = "UIInterfaceOrientationPortrait UIInterfaceOrientationLandscapeLeft UIInterfaceOrientationLandscapeRight";
				LD_RUNPATH_SEARCH_PATHS = (
					"$(inherited)",
					"@executable_path/Frameworks",
				);
				MARKETING_VERSION = 1.0;
				PRODUCT_BUNDLE_IDENTIFIER = VS.PixelVision;
				PRODUCT_NAME = "$(TARGET_NAME)";
				SWIFT_EMIT_LOC_STRINGS = YES;
				SWIFT_VERSION = 5.0;
				TARGETED_DEVICE_FAMILY = "1,2";
			};
			name = Release;
		};
		C8A385A22DE0A91700C7DE54 /* Debug */ = {
			isa = XCBuildConfiguration;
			buildSettings = {
				BUNDLE_LOADER = "$(TEST_HOST)";
				CODE_SIGN_STYLE = Automatic;
				CURRENT_PROJECT_VERSION = 1;
				DEVELOPMENT_TEAM = NRHF328K82;
				GENERATE_INFOPLIST_FILE = YES;
				IPHONEOS_DEPLOYMENT_TARGET = 18.4;
				MARKETING_VERSION = 1.0;
				PRODUCT_BUNDLE_IDENTIFIER = VS.PixelVisionTests;
				PRODUCT_NAME = "$(TARGET_NAME)";
				SWIFT_EMIT_LOC_STRINGS = NO;
				SWIFT_VERSION = 5.0;
				TARGETED_DEVICE_FAMILY = "1,2";
				TEST_HOST = "$(BUILT_PRODUCTS_DIR)/PixelVision.app/$(BUNDLE_EXECUTABLE_FOLDER_PATH)/PixelVision";
			};
			name = Debug;
		};
		C8A385A32DE0A91700C7DE54 /* Release */ = {
			isa = XCBuildConfiguration;
			buildSettings = {
				BUNDLE_LOADER = "$(TEST_HOST)";
				CODE_SIGN_STYLE = Automatic;
				CURRENT_PROJECT_VERSION = 1;
				DEVELOPMENT_TEAM = NRHF328K82;
				GENERATE_INFOPLIST_FILE = YES;
				IPHONEOS_DEPLOYMENT_TARGET = 18.4;
				MARKETING_VERSION = 1.0;
				PRODUCT_BUNDLE_IDENTIFIER = VS.PixelVisionTests;
				PRODUCT_NAME = "$(TARGET_NAME)";
				SWIFT_EMIT_LOC_STRINGS = NO;
				SWIFT_VERSION = 5.0;
				TARGETED_DEVICE_FAMILY = "1,2";
				TEST_HOST = "$(BUILT_PRODUCTS_DIR)/PixelVision.app/$(BUNDLE_EXECUTABLE_FOLDER_PATH)/PixelVision";
			};
			name = Release;
		};
		C8A385A52DE0A91700C7DE54 /* Debug */ = {
			isa = XCBuildConfiguration;
			buildSettings = {
				CODE_SIGN_STYLE = Automatic;
				CURRENT_PROJECT_VERSION = 1;
				DEVELOPMENT_TEAM = NRHF328K82;
				GENERATE_INFOPLIST_FILE = YES;
				MARKETING_VERSION = 1.0;
				PRODUCT_BUNDLE_IDENTIFIER = VS.PixelVisionUITests;
				PRODUCT_NAME = "$(TARGET_NAME)";
				SWIFT_EMIT_LOC_STRINGS = NO;
				SWIFT_VERSION = 5.0;
				TARGETED_DEVICE_FAMILY = "1,2";
				TEST_TARGET_NAME = PixelVision;
			};
			name = Debug;
		};
		C8A385A62DE0A91700C7DE54 /* Release */ = {
			isa = XCBuildConfiguration;
			buildSettings = {
				CODE_SIGN_STYLE = Automatic;
				CURRENT_PROJECT_VERSION = 1;
				DEVELOPMENT_TEAM = NRHF328K82;
				GENERATE_INFOPLIST_FILE = YES;
				MARKETING_VERSION = 1.0;
				PRODUCT_BUNDLE_IDENTIFIER = VS.PixelVisionUITests;
				PRODUCT_NAME = "$(TARGET_NAME)";
				SWIFT_EMIT_LOC_STRINGS = NO;
				SWIFT_VERSION = 5.0;
				TARGETED_DEVICE_FAMILY = "1,2";
				TEST_TARGET_NAME = PixelVision;
			};
			name = Release;
		};
/* End XCBuildConfiguration section */

/* Begin XCConfigurationList section */
		C8A385762DE0A91400C7DE54 /* Build configuration list for PBXProject "PixelVision" */ = {
			isa = XCConfigurationList;
			buildConfigurations = (
				C8A3859C2DE0A91700C7DE54 /* Debug */,
				C8A3859D2DE0A91700C7DE54 /* Release */,
			);
			defaultConfigurationIsVisible = 0;
			defaultConfigurationName = Release;
		};
		C8A3859E2DE0A91700C7DE54 /* Build configuration list for PBXNativeTarget "PixelVision" */ = {
			isa = XCConfigurationList;
			buildConfigurations = (
				C8A3859F2DE0A91700C7DE54 /* Debug */,
				C8A385A02DE0A91700C7DE54 /* Release */,
			);
			defaultConfigurationIsVisible = 0;
			defaultConfigurationName = Release;
		};
		C8A385A12DE0A91700C7DE54 /* Build configuration list for PBXNativeTarget "PixelVisionTests" */ = {
			isa = XCConfigurationList;
			buildConfigurations = (
				C8A385A22DE0A91700C7DE54 /* Debug */,
				C8A385A32DE0A91700C7DE54 /* Release */,
			);
			defaultConfigurationIsVisible = 0;
			defaultConfigurationName = Release;
		};
		C8A385A42DE0A91700C7DE54 /* Build configuration list for PBXNativeTarget "PixelVisionUITests" */ = {
			isa = XCConfigurationList;
			buildConfigurations = (
				C8A385A52DE0A91700C7DE54 /* Debug */,
				C8A385A62DE0A91700C7DE54 /* Release */,
			);
			defaultConfigurationIsVisible = 0;
			defaultConfigurationName = Release;
		};
/* End XCConfigurationList section */
	};
	rootObject = C8A385732DE0A91400C7DE54 /* Project object */;
}
